# This file is generated by running "yarn install" inside your project.
# Manual changes might be lost - proceed with caution!

__metadata:
  version: 8
  cacheKey: 10

"@redis/bloom@npm:1.2.0":
  version: 1.2.0
  resolution: "@redis/bloom@npm:1.2.0"
  peerDependencies:
    "@redis/client": ^1.0.0
  checksum: 10/a16408f729ddd032a52c9d998661dfa7beabc0e92760d30619c3166c7a53a98c037956d93d230b787005fd8a599a7456461ca7429c1916893c2d13d59a41e0e6
  languageName: node
  linkType: hard

"@redis/client@npm:1.6.0":
  version: 1.6.0
  resolution: "@redis/client@npm:1.6.0"
  dependencies:
    cluster-key-slot: "npm:1.1.2"
    generic-pool: "npm:3.9.0"
    yallist: "npm:4.0.0"
  checksum: 10/ad375bd685dc34163304872e611ad31dc09a20f4dc8416e5dd588e8a9d2a42a6882f5c8f83d6388ba04ada71513c461b211c3146bcd8ab4da20b3f7edf08fb63
  languageName: node
  linkType: hard

"@redis/graph@npm:1.1.1":
  version: 1.1.1
  resolution: "@redis/graph@npm:1.1.1"
  peerDependencies:
    "@redis/client": ^1.0.0
  checksum: 10/96b8ee9bec124947465848b56a014805f9639e09704e03c75a92072a319599ac9dcd4f9ace22970a7f72131a241166ad31db4dc6931b34808d22a5ca94649ba5
  languageName: node
  linkType: hard

"@redis/json@npm:1.0.7":
  version: 1.0.7
  resolution: "@redis/json@npm:1.0.7"
  peerDependencies:
    "@redis/client": ^1.0.0
  checksum: 10/df0ac5035608d2e82289237d1adbf541af3743a86692df9958a2c89281bce024eeecfc031db51774d8a46639c5ec34ce9f8b71ebec7bce21865920e36ca3db57
  languageName: node
  linkType: hard

"@redis/search@npm:1.2.0":
  version: 1.2.0
  resolution: "@redis/search@npm:1.2.0"
  peerDependencies:
    "@redis/client": ^1.0.0
  checksum: 10/25bba222c0fb1ec1f2db08fe157d30d56a8ffe234214c72d3a7a991daefe77f18c5e6440ab3aa297aef88bafd5448b04ac9fcd84671f2dadc8989712c06b63b4
  languageName: node
  linkType: hard

"@redis/time-series@npm:1.1.0":
  version: 1.1.0
  resolution: "@redis/time-series@npm:1.1.0"
  peerDependencies:
    "@redis/client": ^1.0.0
  checksum: 10/e1d000eef7f37645f7f4ff94f32dd998384360b12fed1e4d614d828c065b72d7627e27444fab781fac4fdfe301c45f893417550fb1011d3b75237566ff0954e0
  languageName: node
  linkType: hard

"@tgsnake/core@npm:1.13.7":
  version: 1.13.7
  resolution: "@tgsnake/core@npm:1.13.7"
  dependencies:
    "@tgsnake/log": "npm:latest"
    async-mutex: "npm:0.5.0"
    big-integer: "npm:1.6.52"
    socks: "npm:2.8.3"
  checksum: 10/7da968fec855a1d7faa3f703740ec90719e45e1e271f27ff496d651950a5369ef8e2cfba43e5b321e130ab18a71ea2893f5822ff2a8aa609ecba45a1344ecf8e
  languageName: node
  linkType: hard

"@tgsnake/log@npm:latest":
  version: 1.0.0
  resolution: "@tgsnake/log@npm:1.0.0"
  dependencies:
    chalk: "npm:4.1.2"
  checksum: 10/99f5544d1c3bf0760105ade2d7db2a745c292c50c2b0f5c1f019bd73ffdcaa481ceb2c37c3bca093db7c9305c65b0535ab4d8326ac004ea61815c5080413af0d
  languageName: node
  linkType: hard

"@tgsnake/redis-session@workspace:.":
  version: 0.0.0-use.local
  resolution: "@tgsnake/redis-session@workspace:."
  dependencies:
    "@tgsnake/core": "npm:1.13.7"
    "@types/node": "npm:22.1.0"
    prettier: "npm:3.3.3"
    redis: "npm:^4.7.0"
    typescript: "npm:5.5.4"
  languageName: unknown
  linkType: soft

"@types/node@npm:22.1.0":
  version: 22.1.0
  resolution: "@types/node@npm:22.1.0"
  dependencies:
    undici-types: "npm:~6.13.0"
  checksum: 10/c2ac1340509646b6c673b27fae2a46e501a97e540e7221be4dd2e0be7a0f61efefb5bf3be8bedf2dbce245fa49cfc49bba77bce73fa3c4296d0d19521ced3222
  languageName: node
  linkType: hard

"ansi-styles@npm:^4.1.0":
  version: 4.3.0
  resolution: "ansi-styles@npm:4.3.0"
  dependencies:
    color-convert: "npm:^2.0.1"
  checksum: 10/b4494dfbfc7e4591b4711a396bd27e540f8153914123dccb4cdbbcb514015ada63a3809f362b9d8d4f6b17a706f1d7bea3c6f974b15fa5ae76b5b502070889ff
  languageName: node
  linkType: hard

"async-mutex@npm:0.5.0":
  version: 0.5.0
  resolution: "async-mutex@npm:0.5.0"
  dependencies:
    tslib: "npm:^2.4.0"
  checksum: 10/4c6bfce1cc9cd43f723c4d96403ac5f4757f885c953b839cde6956ec8817ff39623b82d67614de10c7933e21626925882fb9bac367db7d15d7cb4f84228722c9
  languageName: node
  linkType: hard

"big-integer@npm:1.6.52":
  version: 1.6.52
  resolution: "big-integer@npm:1.6.52"
  checksum: 10/4bc6ae152a96edc9f95020f5fc66b13d26a9ad9a021225a9f0213f7e3dc44269f423aa8c42e19d6ac4a63bb2b22140b95d10be8f9ca7a6d9aa1b22b330d1f514
  languageName: node
  linkType: hard

"chalk@npm:4.1.2":
  version: 4.1.2
  resolution: "chalk@npm:4.1.2"
  dependencies:
    ansi-styles: "npm:^4.1.0"
    supports-color: "npm:^7.1.0"
  checksum: 10/cb3f3e594913d63b1814d7ca7c9bafbf895f75fbf93b92991980610dfd7b48500af4e3a5d4e3a8f337990a96b168d7eb84ee55efdce965e2ee8efc20f8c8f139
  languageName: node
  linkType: hard

"cluster-key-slot@npm:1.1.2":
  version: 1.1.2
  resolution: "cluster-key-slot@npm:1.1.2"
  checksum: 10/516ed8b5e1a14d9c3a9c96c72ef6de2d70dfcdbaa0ec3a90bc7b9216c5457e39c09a5775750c272369070308542e671146120153062ab5f2f481bed5de2c925f
  languageName: node
  linkType: hard

"color-convert@npm:^2.0.1":
  version: 2.0.1
  resolution: "color-convert@npm:2.0.1"
  dependencies:
    color-name: "npm:~1.1.4"
  checksum: 10/fa00c91b4332b294de06b443923246bccebe9fab1b253f7fe1772d37b06a2269b4039a85e309abe1fe11b267b11c08d1d0473fda3badd6167f57313af2887a64
  languageName: node
  linkType: hard

"color-name@npm:~1.1.4":
  version: 1.1.4
  resolution: "color-name@npm:1.1.4"
  checksum: 10/b0445859521eb4021cd0fb0cc1a75cecf67fceecae89b63f62b201cca8d345baf8b952c966862a9d9a2632987d4f6581f0ec8d957dfacece86f0a7919316f610
  languageName: node
  linkType: hard

"generic-pool@npm:3.9.0":
  version: 3.9.0
  resolution: "generic-pool@npm:3.9.0"
  checksum: 10/3c632d30a6a7d47412dc67ddc517992691e0fde819c0cb6b5871bc87d10f61a7c09f12a60dbd77c78ae3e6ca10db41e2eaee28985ce724d9620354a006205ce1
  languageName: node
  linkType: hard

"has-flag@npm:^4.0.0":
  version: 4.0.0
  resolution: "has-flag@npm:4.0.0"
  checksum: 10/261a1357037ead75e338156b1f9452c016a37dcd3283a972a30d9e4a87441ba372c8b81f818cd0fbcd9c0354b4ae7e18b9e1afa1971164aef6d18c2b6095a8ad
  languageName: node
  linkType: hard

"ip-address@npm:^9.0.5":
  version: 9.0.5
  resolution: "ip-address@npm:9.0.5"
  dependencies:
    jsbn: "npm:1.1.0"
    sprintf-js: "npm:^1.1.3"
  checksum: 10/1ed81e06721af012306329b31f532b5e24e00cb537be18ddc905a84f19fe8f83a09a1699862bf3a1ec4b9dea93c55a3fa5faf8b5ea380431469df540f38b092c
  languageName: node
  linkType: hard

"jsbn@npm:1.1.0":
  version: 1.1.0
  resolution: "jsbn@npm:1.1.0"
  checksum: 10/bebe7ae829bbd586ce8cbe83501dd8cb8c282c8902a8aeeed0a073a89dc37e8103b1244f3c6acd60278bcbfe12d93a3f83c9ac396868a3b3bbc3c5e5e3b648ef
  languageName: node
  linkType: hard

"prettier@npm:3.3.3":
  version: 3.3.3
  resolution: "prettier@npm:3.3.3"
  bin:
    prettier: bin/prettier.cjs
  checksum: 10/5beac1f30b5b40162532b8e2f7c3a4eb650910a2695e9c8512a62ffdc09dae93190c29db9107fa7f26d1b6c71aad3628ecb9b5de1ecb0911191099be109434d7
  languageName: node
  linkType: hard

"redis@npm:^4.7.0":
  version: 4.7.0
  resolution: "redis@npm:4.7.0"
  dependencies:
    "@redis/bloom": "npm:1.2.0"
    "@redis/client": "npm:1.6.0"
    "@redis/graph": "npm:1.1.1"
    "@redis/json": "npm:1.0.7"
    "@redis/search": "npm:1.2.0"
    "@redis/time-series": "npm:1.1.0"
  checksum: 10/d927a0b1516e2845b7eab67b1466b6f2d0d0695be7a3d4a0a1ffa2f2c60dace98fb9ad01ec0db07519fb9d4d078b99d95b6809508c2a72afe6f814fc8f693188
  languageName: node
  linkType: hard

"smart-buffer@npm:^4.2.0":
  version: 4.2.0
  resolution: "smart-buffer@npm:4.2.0"
  checksum: 10/927484aa0b1640fd9473cee3e0a0bcad6fce93fd7bbc18bac9ad0c33686f5d2e2c422fba24b5899c184524af01e11dd2bd051c2bf2b07e47aff8ca72cbfc60d2
  languageName: node
  linkType: hard

"socks@npm:2.8.3":
  version: 2.8.3
  resolution: "socks@npm:2.8.3"
  dependencies:
    ip-address: "npm:^9.0.5"
    smart-buffer: "npm:^4.2.0"
  checksum: 10/ffcb622c22481dfcd7589aae71fbfd71ca34334064d181df64bf8b7feaeee19706aba4cffd1de35cc7bbaeeaa0af96be2d7f40fcbc7bc0ab69533a7ae9ffc4fb
  languageName: node
  linkType: hard

"sprintf-js@npm:^1.1.3":
  version: 1.1.3
  resolution: "sprintf-js@npm:1.1.3"
  checksum: 10/e7587128c423f7e43cc625fe2f87e6affdf5ca51c1cc468e910d8aaca46bb44a7fbcfa552f787b1d3987f7043aeb4527d1b99559e6621e01b42b3f45e5a24cbb
  languageName: node
  linkType: hard

"supports-color@npm:^7.1.0":
  version: 7.2.0
  resolution: "supports-color@npm:7.2.0"
  dependencies:
    has-flag: "npm:^4.0.0"
  checksum: 10/c8bb7afd564e3b26b50ca6ee47572c217526a1389fe018d00345856d4a9b08ffbd61fadaf283a87368d94c3dcdb8f5ffe2650a5a65863e21ad2730ca0f05210a
  languageName: node
  linkType: hard

"tslib@npm:^2.4.0":
  version: 2.5.0
  resolution: "tslib@npm:2.5.0"
  checksum: 10/ea556fbdf396fe15dbd45e242754e86e7c36e0dce8644404a7c8a81ae1e940744dc639569aeca1ae370a7f804d82872f3fd8564eb23be9adb7618201d0314dac
  languageName: node
  linkType: hard

"typescript@npm:5.5.4":
  version: 5.5.4
  resolution: "typescript@npm:5.5.4"
  bin:
    tsc: bin/tsc
    tsserver: bin/tsserver
  checksum: 10/1689ccafef894825481fc3d856b4834ba3cc185a9c2878f3c76a9a1ef81af04194849840f3c69e7961e2312771471bb3b460ca92561e1d87599b26c37d0ffb6f
  languageName: node
  linkType: hard

"typescript@patch:typescript@npm%3A5.5.4#optional!builtin<compat/typescript>":
  version: 5.5.4
  resolution: "typescript@patch:typescript@npm%3A5.5.4#optional!builtin<compat/typescript>::version=5.5.4&hash=379a07"
  bin:
    tsc: bin/tsc
    tsserver: bin/tsserver
  checksum: 10/746fdd0865c5ce4f15e494c57ede03a9e12ede59cfdb40da3a281807853fe63b00ef1c912d7222143499aa82f18b8b472baa1830df8804746d09b55f6cf5b1cc
  languageName: node
  linkType: hard

"undici-types@npm:~6.13.0":
  version: 6.13.0
  resolution: "undici-types@npm:6.13.0"
  checksum: 10/da52e37cbc6da3a75da86fa08dd795ca8924430deb91005eb884b840e46e19013ccd4c1c289f70018e8cf0c338add24a500e7c3acfcd49b1ffb27ff9f91e38b9
  languageName: node
  linkType: hard

"yallist@npm:4.0.0":
  version: 4.0.0
  resolution: "yallist@npm:4.0.0"
  checksum: 10/4cb02b42b8a93b5cf50caf5d8e9beb409400a8a4d85e83bb0685c1457e9ac0b7a00819e9f5991ac25ffabb56a78e2f017c1acc010b3a1babfe6de690ba531abd
  languageName: node
  linkType: hard
